dependencies:
- name: secrets
  repository: file://../subcharts/secrets
  version: 1.23.0
- name: globalconfig
  repository: file://../subcharts/globalconfig
  version: 1.23.0
- name: api
  repository: file://../subcharts/api
  version: 1.23.0
- name: hq
  repository: file://../subcharts/hq
  version: 1.23.0
- name: apigateway
  repository: file://../subcharts/apigateway
  version: 1.23.0
- name: seaweedfs
  repository: file://../subcharts/seaweedfs
  version: 1.23.0
- name: backend
  repository: file://../subcharts/backend
  version: 1.23.0
- name: broadcaster
  repository: file://../subcharts/broadcaster
  version: 1.23.0
- name: consul
  repository: file://../subcharts/consul
  version: 0.7.0
- name: edge
  repository: file://../subcharts/edge
  version: 1.23.0
- name: collate
  repository: file://../subcharts/collate
  version: 1.23.0
- name: master-sync
  repository: file://../subcharts/master-sync
  version: 1.23.0
- name: memsql
  repository: file://../subcharts/memsql
  version: 1.23.0
- name: memsql-schema
  repository: file://../subcharts/memsql-schema
  version: 1.23.0
- name: mongodb
  repository: file://../subcharts/mongodb
  version: 1.23.0
- name: nginx
  repository: file://../subcharts/nginx
  version: 1.23.0
- name: push-notification
  repository: file://../subcharts/push-notification
  version: 1.23.0
- name: rabbitmq
  repository: file://../subcharts/rabbitmq
  version: 1.23.0
- name: rtstreamer
  repository: file://../subcharts/rtstreamer
  version: 1.23.0
- name: webrtc
  repository: file://../subcharts/webrtc
  version: 1.23.0
- name: dslr-dashboard-bt
  repository: file://../subcharts/dslr-dashboard-bt
  version: 1.23.0
digest: sha256:21d2530e0ae26ed5c04ed05dd5eac2b8062a03a6d184c0eca339713f593bcb68
generated: 2019-06-26T13:11:24.059907577+03:00
