dependencies:
- name: secrets
  repository: file://../charts/secrets
  version: 1.23.0
- name: globalconfig
  repository: file://../charts/globalconfig
  version: 1.23.0
- name: api
  repository: file://../charts/api
  version: 1.23.0
- name: hq
  repository: file://../charts/hq
  version: 1.23.0
- name: apigateway
  repository: file://../charts/apigateway
  version: 1.23.0
- name: seaweedfs
  repository: file://../charts/seaweedfs
  version: 1.23.0
- name: backend
  repository: file://../charts/backend
  version: 1.23.0
- name: broadcaster
  repository: file://../charts/broadcaster
  version: 1.23.0
- name: consul
  repository: file://../charts/consul
  version: 0.7.0
- name: edge
  repository: file://../charts/edge
  version: 1.23.0
- name: collate
  repository: file://../charts/collate
  version: 1.23.0
- name: master-sync
  repository: file://../charts/master-sync
  version: 1.23.0
- name: memsql
  repository: file://../charts/memsql
  version: 1.23.0
- name: memsql-schema
  repository: file://../charts/memsql-schema
  version: 1.23.0
- name: mongodb
  repository: file://../charts/mongodb
  version: 1.23.0
- name: nginx
  repository: file://../charts/nginx
  version: 1.23.0
- name: push-notification
  repository: file://../charts/push-notification
  version: 1.23.0
- name: rabbitmq
  repository: file://../charts/rabbitmq
  version: 1.23.0
- name: rtstreamer
  repository: file://../charts/rtstreamer
  version: 1.23.0
- name: webrtc
  repository: file://../charts/webrtc
  version: 1.23.0
- name: dslr-dashboard-bt
  repository: file://../charts/dslr-dashboard-bt
  version: 1.23.0
digest: sha256:21d2530e0ae26ed5c04ed05dd5eac2b8062a03a6d184c0eca339713f593bcb68
generated: 2019-06-26T13:11:24.059907577+03:00
